
Microsoft Visual Studio Solution File, Format Version 12.00
# Visual Studio 14
VisualStudioVersion = 14.0.24720.0
MinimumVisualStudioVersion = 10.0.40219.1
Project("{FAE04EC0-301F-11D3-BF4B-00C04F79EFBC}") = "Base.Api", "Base.Api\Base.Api.csproj", "{D1BB6240-553D-4221-90BA-051A1F0A11EB}"
EndProject
Project("{2150E333-8FDC-42A3-9474-1A3956D46DE8}") = "1 - Api", "1 - Api", "{4F2F1BC2-C2F2-4CED-90D2-A5BBD81C75B8}"
EndProject
Project("{2150E333-8FDC-42A3-9474-1A3956D46DE8}") = "0 - Tools", "0 - Tools", "{5B4FC019-873B-445D-BA3A-57AAA3D181BF}"
EndProject
Project("{2150E333-8FDC-42A3-9474-1A3956D46DE8}") = "2 - Application", "2 - Application", "{6C9756CA-72A1-44BE-AED9-56533647079F}"
EndProject
Project("{2150E333-8FDC-42A3-9474-1A3956D46DE8}") = "4 - Data", "4 - Data", "{A7FCE75B-8242-4316-8BE7-CC5F06D65634}"
EndProject
Project("{2150E333-8FDC-42A3-9474-1A3956D46DE8}") = "5 - Crosscutting", "5 - Crosscutting", "{CDE3CB9F-3AF6-4E33-B806-B1AF10DC4D3E}"
EndProject
Project("{FAE04EC0-301F-11D3-BF4B-00C04F79EFBC}") = "Base.Api.Crosscutting.Ioc", "Base.Api.Crosscutting.Ioc\Base.Api.Crosscutting.Ioc.csproj", "{C4608328-F8AB-48CD-A565-1320CE5285B0}"
EndProject
Project("{FAE04EC0-301F-11D3-BF4B-00C04F79EFBC}") = "Base.Api.Crosscutting.Core", "Base.Api.Crosscutting.Core\Base.Api.Crosscutting.Core.csproj", "{63D223B7-8A33-4D7E-9E62-153675211848}"
EndProject
Project("{FAE04EC0-301F-11D3-BF4B-00C04F79EFBC}") = "Base.Api.Data.Settings", "Base.Api.Data.Settings\Base.Api.Data.Settings.csproj", "{2E26C97E-717E-41D4-B0F7-65A655B511ED}"
EndProject
Global
	GlobalSection(SolutionConfigurationPlatforms) = preSolution
		Debug|Any CPU = Debug|Any CPU
		Release|Any CPU = Release|Any CPU
	EndGlobalSection
	GlobalSection(ProjectConfigurationPlatforms) = postSolution
		{D1BB6240-553D-4221-90BA-051A1F0A11EB}.Debug|Any CPU.ActiveCfg = Debug|Any CPU
		{D1BB6240-553D-4221-90BA-051A1F0A11EB}.Debug|Any CPU.Build.0 = Debug|Any CPU
		{D1BB6240-553D-4221-90BA-051A1F0A11EB}.Release|Any CPU.ActiveCfg = Release|Any CPU
		{D1BB6240-553D-4221-90BA-051A1F0A11EB}.Release|Any CPU.Build.0 = Release|Any CPU
		{C4608328-F8AB-48CD-A565-1320CE5285B0}.Debug|Any CPU.ActiveCfg = Debug|Any CPU
		{C4608328-F8AB-48CD-A565-1320CE5285B0}.Debug|Any CPU.Build.0 = Debug|Any CPU
		{C4608328-F8AB-48CD-A565-1320CE5285B0}.Release|Any CPU.ActiveCfg = Release|Any CPU
		{C4608328-F8AB-48CD-A565-1320CE5285B0}.Release|Any CPU.Build.0 = Release|Any CPU
		{63D223B7-8A33-4D7E-9E62-153675211848}.Debug|Any CPU.ActiveCfg = Debug|Any CPU
		{63D223B7-8A33-4D7E-9E62-153675211848}.Debug|Any CPU.Build.0 = Debug|Any CPU
		{63D223B7-8A33-4D7E-9E62-153675211848}.Release|Any CPU.ActiveCfg = Release|Any CPU
		{63D223B7-8A33-4D7E-9E62-153675211848}.Release|Any CPU.Build.0 = Release|Any CPU
		{2E26C97E-717E-41D4-B0F7-65A655B511ED}.Debug|Any CPU.ActiveCfg = Debug|Any CPU
		{2E26C97E-717E-41D4-B0F7-65A655B511ED}.Debug|Any CPU.Build.0 = Debug|Any CPU
		{2E26C97E-717E-41D4-B0F7-65A655B511ED}.Release|Any CPU.ActiveCfg = Release|Any CPU
		{2E26C97E-717E-41D4-B0F7-65A655B511ED}.Release|Any CPU.Build.0 = Release|Any CPU
	EndGlobalSection
	GlobalSection(SolutionProperties) = preSolution
		HideSolutionNode = FALSE
	EndGlobalSection
	GlobalSection(NestedProjects) = preSolution
		{D1BB6240-553D-4221-90BA-051A1F0A11EB} = {4F2F1BC2-C2F2-4CED-90D2-A5BBD81C75B8}
		{C4608328-F8AB-48CD-A565-1320CE5285B0} = {CDE3CB9F-3AF6-4E33-B806-B1AF10DC4D3E}
		{63D223B7-8A33-4D7E-9E62-153675211848} = {CDE3CB9F-3AF6-4E33-B806-B1AF10DC4D3E}
		{2E26C97E-717E-41D4-B0F7-65A655B511ED} = {A7FCE75B-8242-4316-8BE7-CC5F06D65634}
	EndGlobalSection
EndGlobal
